{
  "name": "jbrain",
  "version": "0.2.1",
  "lockfileVersion": 1,
  "dependencies": {
    "vecto": {
      "version": "0.2.3",
      "resolved": "https://registry.npmjs.org/vecto/-/vecto-0.2.3.tgz",
      "integrity": "sha512-cMIdGp2GoNR+YqDO6Nf3sE5wdvKhCuOxntSeccV1ahGgIUG74dd8b6mwp+RGs6bCVCijAQOA03IulKXStyTyCA=="
    }
  }
}
